
Microsoft Visual Studio Solution File, Format Version 12.00
# Visual Studio Version 17
VisualStudioVersion = 17.5.33516.290
MinimumVisualStudioVersion = 10.0.40219.1
Project("{FAE04EC0-301F-11D3-BF4B-00C04F79EFBC}") = "Strategy", "Strategy.csproj", "{B897DF9F-BDB4-47F6-93AB-3694B6C592DD}"
EndProject
Project("{FAE04EC0-301F-11D3-BF4B-00C04F79EFBC}") = "BusinessLogic", "..\BusinessLogic\BusinessLogic.csproj", "{C0489FC0-91C1-4764-BAA8-9466DD244826}"
EndProject
Global
	GlobalSection(SolutionConfigurationPlatforms) = preSolution
		Debug|Any CPU = Debug|Any CPU
		Release|Any CPU = Release|Any CPU
	EndGlobalSection
	GlobalSection(ProjectConfigurationPlatforms) = postSolution
		{B897DF9F-BDB4-47F6-93AB-3694B6C592DD}.Debug|Any CPU.ActiveCfg = Debug|Any CPU
		{B897DF9F-BDB4-47F6-93AB-3694B6C592DD}.Debug|Any CPU.Build.0 = Debug|Any CPU
		{B897DF9F-BDB4-47F6-93AB-3694B6C592DD}.Release|Any CPU.ActiveCfg = Release|Any CPU
		{B897DF9F-BDB4-47F6-93AB-3694B6C592DD}.Release|Any CPU.Build.0 = Release|Any CPU
		{C0489FC0-91C1-4764-BAA8-9466DD244826}.Debug|Any CPU.ActiveCfg = Debug|Any CPU
		{C0489FC0-91C1-4764-BAA8-9466DD244826}.Debug|Any CPU.Build.0 = Debug|Any CPU
		{C0489FC0-91C1-4764-BAA8-9466DD244826}.Release|Any CPU.ActiveCfg = Release|Any CPU
		{C0489FC0-91C1-4764-BAA8-9466DD244826}.Release|Any CPU.Build.0 = Release|Any CPU
	EndGlobalSection
	GlobalSection(SolutionProperties) = preSolution
		HideSolutionNode = FALSE
	EndGlobalSection
	GlobalSection(ExtensibilityGlobals) = postSolution
		SolutionGuid = {7B3BD31D-8265-434A-A12C-EBE91A302F13}
	EndGlobalSection
EndGlobal
